
Microsoft Visual Studio Solution File, Format Version 11.00
# Visual C++ Express 2010
Project("{8BC9CEB8-8B4A-11D0-8D11-00A0C91BC942}") = "HalloWelt", "HalloWelt\HalloWelt.vcxproj", "{473B5AFD-59B3-4B15-9B3A-C919C27ABB66}"
EndProject
Project("{8BC9CEB8-8B4A-11D0-8D11-00A0C91BC942}") = "Kapitel 4", "Kapitel 4\Kapitel 4.vcxproj", "{D1EB0949-7435-44AA-B77A-09014051C495}"
EndProject
Project("{8BC9CEB8-8B4A-11D0-8D11-00A0C91BC942}") = "Kapitel 5", "Kapitel 5\Kapitel 5.vcxproj", "{4145DF4C-20BD-48BB-901D-B061CD8B7AE2}"
EndProject
Project("{8BC9CEB8-8B4A-11D0-8D11-00A0C91BC942}") = "Kapitel5", "Kapitel5\Kapitel5.vcxproj", "{D9249061-5A5F-4498-9254-47BBE6BA2CA7}"
EndProject
Project("{8BC9CEB8-8B4A-11D0-8D11-00A0C91BC942}") = "Kapitel 6", "Kapitel 6\Kapitel 6.vcxproj", "{D7721553-EA87-45AC-964D-0E6BC1D7264C}"
EndProject
Project("{8BC9CEB8-8B4A-11D0-8D11-00A0C91BC942}") = "Kapitel.6", "Kapitel.6\Kapitel.6.vcxproj", "{F678799E-026E-48E3-AA33-42F0499D7E59}"
EndProject
Project("{8BC9CEB8-8B4A-11D0-8D11-00A0C91BC942}") = "Kapitel7", "Kapitel7\Kapitel7.vcxproj", "{ED8F889D-587D-456F-BC0F-FB522517522C}"
EndProject
Project("{8BC9CEB8-8B4A-11D0-8D11-00A0C91BC942}") = "Kapitel7.2", "Kapitel7.2\Kapitel7.2.vcxproj", "{574449BE-EE1F-4B8F-AFC7-A660D62E9D99}"
EndProject
Project("{8BC9CEB8-8B4A-11D0-8D11-00A0C91BC942}") = "Kapitel7.3", "Kapitel7.3\Kapitel7.3.vcxproj", "{68217000-B2D8-46D1-AC28-99D6E4E97698}"
EndProject
Project("{8BC9CEB8-8B4A-11D0-8D11-00A0C91BC942}") = "Kapitel7.4", "Kapitel7.4\Kapitel7.4.vcxproj", "{E651A83C-1A11-436B-B498-063C57FFA55D}"
EndProject
Project("{8BC9CEB8-8B4A-11D0-8D11-00A0C91BC942}") = "Kapitel7.5", "Kapitel7.5\Kapitel7.5.vcxproj", "{2FFC9610-565A-47BC-8E14-68D80C075901}"
EndProject
Project("{8BC9CEB8-8B4A-11D0-8D11-00A0C91BC942}") = "Kapitel_VErZeiger", "Kapitel_VErZeiger\Kapitel_VErZeiger.vcxproj", "{64F6608C-52BF-4334-A0AE-BE9945BA1254}"
EndProject
Project("{8BC9CEB8-8B4A-11D0-8D11-00A0C91BC942}") = "Kapitel8.7", "Kapitel8.7\Kapitel8.7.vcxproj", "{62634537-D1BB-4BCE-8B42-A6C20582D86C}"
EndProject
Project("{8BC9CEB8-8B4A-11D0-8D11-00A0C91BC942}") = "KleinesSpiel", "KleinesSpiel\KleinesSpiel.vcxproj", "{EC26C92E-7CB0-4440-BA50-B44F331DC5CC}"
EndProject
Project("{8BC9CEB8-8B4A-11D0-8D11-00A0C91BC942}") = "SCHULE_HAEFFT", "SCHULE_HAEFFT\SCHULE_HAEFFT.vcxproj", "{7FFC1BD3-D398-492B-BF54-594A9A5919AB}"
EndProject
Project("{8BC9CEB8-8B4A-11D0-8D11-00A0C91BC942}") = "Kapitel 11", "Kapitel 11\Kapitel 11.vcxproj", "{9858062B-0067-42EB-8045-D23B88CBE879}"
EndProject
Project("{8BC9CEB8-8B4A-11D0-8D11-00A0C91BC942}") = "Kapitel11.1", "Kapitel11.1\Kapitel11.1.vcxproj", "{07F38823-C150-45D3-94A0-40E794D5B57D}"
EndProject
Project("{8BC9CEB8-8B4A-11D0-8D11-00A0C91BC942}") = "Kapitel11.3", "Kapitel11.3\Kapitel11.3.vcxproj", "{19EA02A1-0AC7-4A53-AABD-3D5FA299946A}"
EndProject
Project("{8BC9CEB8-8B4A-11D0-8D11-00A0C91BC942}") = "Kapitel12", "Kapitel12\Kapitel12.vcxproj", "{0BF257BA-C5C8-4CED-A3D2-D65ECB4E825B}"
EndProject
Project("{8BC9CEB8-8B4A-11D0-8D11-00A0C91BC942}") = "sudokusolverVONinternet", "sudokusolverVONinternet\sudokusolverVONinternet.vcxproj", "{56CF17BF-2DB5-42E2-B761-92623941B820}"
EndProject
Project("{8BC9CEB8-8B4A-11D0-8D11-00A0C91BC942}") = "Kapitel 17.3", "Kapitel 17.3\Kapitel 17.3.vcxproj", "{1C824CC2-9896-44B5-996D-8E7149F673B8}"
EndProject
Global
	GlobalSection(SolutionConfigurationPlatforms) = preSolution
		Debug|Win32 = Debug|Win32
		Release|Win32 = Release|Win32
	EndGlobalSection
	GlobalSection(ProjectConfigurationPlatforms) = postSolution
		{473B5AFD-59B3-4B15-9B3A-C919C27ABB66}.Debug|Win32.ActiveCfg = Debug|Win32
		{473B5AFD-59B3-4B15-9B3A-C919C27ABB66}.Debug|Win32.Build.0 = Debug|Win32
		{473B5AFD-59B3-4B15-9B3A-C919C27ABB66}.Release|Win32.ActiveCfg = Release|Win32
		{473B5AFD-59B3-4B15-9B3A-C919C27ABB66}.Release|Win32.Build.0 = Release|Win32
		{D1EB0949-7435-44AA-B77A-09014051C495}.Debug|Win32.ActiveCfg = Debug|Win32
		{D1EB0949-7435-44AA-B77A-09014051C495}.Debug|Win32.Build.0 = Debug|Win32
		{D1EB0949-7435-44AA-B77A-09014051C495}.Release|Win32.ActiveCfg = Release|Win32
		{D1EB0949-7435-44AA-B77A-09014051C495}.Release|Win32.Build.0 = Release|Win32
		{4145DF4C-20BD-48BB-901D-B061CD8B7AE2}.Debug|Win32.ActiveCfg = Debug|Win32
		{4145DF4C-20BD-48BB-901D-B061CD8B7AE2}.Debug|Win32.Build.0 = Debug|Win32
		{4145DF4C-20BD-48BB-901D-B061CD8B7AE2}.Release|Win32.ActiveCfg = Release|Win32
		{4145DF4C-20BD-48BB-901D-B061CD8B7AE2}.Release|Win32.Build.0 = Release|Win32
		{D9249061-5A5F-4498-9254-47BBE6BA2CA7}.Debug|Win32.ActiveCfg = Debug|Win32
		{D9249061-5A5F-4498-9254-47BBE6BA2CA7}.Debug|Win32.Build.0 = Debug|Win32
		{D9249061-5A5F-4498-9254-47BBE6BA2CA7}.Release|Win32.ActiveCfg = Release|Win32
		{D9249061-5A5F-4498-9254-47BBE6BA2CA7}.Release|Win32.Build.0 = Release|Win32
		{D7721553-EA87-45AC-964D-0E6BC1D7264C}.Debug|Win32.ActiveCfg = Debug|Win32
		{D7721553-EA87-45AC-964D-0E6BC1D7264C}.Debug|Win32.Build.0 = Debug|Win32
		{D7721553-EA87-45AC-964D-0E6BC1D7264C}.Release|Win32.ActiveCfg = Release|Win32
		{D7721553-EA87-45AC-964D-0E6BC1D7264C}.Release|Win32.Build.0 = Release|Win32
		{F678799E-026E-48E3-AA33-42F0499D7E59}.Debug|Win32.ActiveCfg = Debug|Win32
		{F678799E-026E-48E3-AA33-42F0499D7E59}.Debug|Win32.Build.0 = Debug|Win32
		{F678799E-026E-48E3-AA33-42F0499D7E59}.Release|Win32.ActiveCfg = Release|Win32
		{F678799E-026E-48E3-AA33-42F0499D7E59}.Release|Win32.Build.0 = Release|Win32
		{ED8F889D-587D-456F-BC0F-FB522517522C}.Debug|Win32.ActiveCfg = Debug|Win32
		{ED8F889D-587D-456F-BC0F-FB522517522C}.Debug|Win32.Build.0 = Debug|Win32
		{ED8F889D-587D-456F-BC0F-FB522517522C}.Release|Win32.ActiveCfg = Release|Win32
		{ED8F889D-587D-456F-BC0F-FB522517522C}.Release|Win32.Build.0 = Release|Win32
		{574449BE-EE1F-4B8F-AFC7-A660D62E9D99}.Debug|Win32.ActiveCfg = Debug|Win32
		{574449BE-EE1F-4B8F-AFC7-A660D62E9D99}.Debug|Win32.Build.0 = Debug|Win32
		{574449BE-EE1F-4B8F-AFC7-A660D62E9D99}.Release|Win32.ActiveCfg = Release|Win32
		{574449BE-EE1F-4B8F-AFC7-A660D62E9D99}.Release|Win32.Build.0 = Release|Win32
		{68217000-B2D8-46D1-AC28-99D6E4E97698}.Debug|Win32.ActiveCfg = Debug|Win32
		{68217000-B2D8-46D1-AC28-99D6E4E97698}.Debug|Win32.Build.0 = Debug|Win32
		{68217000-B2D8-46D1-AC28-99D6E4E97698}.Release|Win32.ActiveCfg = Release|Win32
		{68217000-B2D8-46D1-AC28-99D6E4E97698}.Release|Win32.Build.0 = Release|Win32
		{E651A83C-1A11-436B-B498-063C57FFA55D}.Debug|Win32.ActiveCfg = Debug|Win32
		{E651A83C-1A11-436B-B498-063C57FFA55D}.Debug|Win32.Build.0 = Debug|Win32
		{E651A83C-1A11-436B-B498-063C57FFA55D}.Release|Win32.ActiveCfg = Release|Win32
		{E651A83C-1A11-436B-B498-063C57FFA55D}.Release|Win32.Build.0 = Release|Win32
		{2FFC9610-565A-47BC-8E14-68D80C075901}.Debug|Win32.ActiveCfg = Debug|Win32
		{2FFC9610-565A-47BC-8E14-68D80C075901}.Debug|Win32.Build.0 = Debug|Win32
		{2FFC9610-565A-47BC-8E14-68D80C075901}.Release|Win32.ActiveCfg = Release|Win32
		{2FFC9610-565A-47BC-8E14-68D80C075901}.Release|Win32.Build.0 = Release|Win32
		{64F6608C-52BF-4334-A0AE-BE9945BA1254}.Debug|Win32.ActiveCfg = Debug|Win32
		{64F6608C-52BF-4334-A0AE-BE9945BA1254}.Debug|Win32.Build.0 = Debug|Win32
		{64F6608C-52BF-4334-A0AE-BE9945BA1254}.Release|Win32.ActiveCfg = Release|Win32
		{64F6608C-52BF-4334-A0AE-BE9945BA1254}.Release|Win32.Build.0 = Release|Win32
		{62634537-D1BB-4BCE-8B42-A6C20582D86C}.Debug|Win32.ActiveCfg = Debug|Win32
		{62634537-D1BB-4BCE-8B42-A6C20582D86C}.Debug|Win32.Build.0 = Debug|Win32
		{62634537-D1BB-4BCE-8B42-A6C20582D86C}.Release|Win32.ActiveCfg = Release|Win32
		{62634537-D1BB-4BCE-8B42-A6C20582D86C}.Release|Win32.Build.0 = Release|Win32
		{EC26C92E-7CB0-4440-BA50-B44F331DC5CC}.Debug|Win32.ActiveCfg = Debug|Win32
		{EC26C92E-7CB0-4440-BA50-B44F331DC5CC}.Debug|Win32.Build.0 = Debug|Win32
		{EC26C92E-7CB0-4440-BA50-B44F331DC5CC}.Release|Win32.ActiveCfg = Release|Win32
		{EC26C92E-7CB0-4440-BA50-B44F331DC5CC}.Release|Win32.Build.0 = Release|Win32
		{7FFC1BD3-D398-492B-BF54-594A9A5919AB}.Debug|Win32.ActiveCfg = Debug|Win32
		{7FFC1BD3-D398-492B-BF54-594A9A5919AB}.Debug|Win32.Build.0 = Debug|Win32
		{7FFC1BD3-D398-492B-BF54-594A9A5919AB}.Release|Win32.ActiveCfg = Release|Win32
		{7FFC1BD3-D398-492B-BF54-594A9A5919AB}.Release|Win32.Build.0 = Release|Win32
		{9858062B-0067-42EB-8045-D23B88CBE879}.Debug|Win32.ActiveCfg = Debug|Win32
		{9858062B-0067-42EB-8045-D23B88CBE879}.Debug|Win32.Build.0 = Debug|Win32
		{9858062B-0067-42EB-8045-D23B88CBE879}.Release|Win32.ActiveCfg = Release|Win32
		{9858062B-0067-42EB-8045-D23B88CBE879}.Release|Win32.Build.0 = Release|Win32
		{07F38823-C150-45D3-94A0-40E794D5B57D}.Debug|Win32.ActiveCfg = Debug|Win32
		{07F38823-C150-45D3-94A0-40E794D5B57D}.Debug|Win32.Build.0 = Debug|Win32
		{07F38823-C150-45D3-94A0-40E794D5B57D}.Release|Win32.ActiveCfg = Release|Win32
		{07F38823-C150-45D3-94A0-40E794D5B57D}.Release|Win32.Build.0 = Release|Win32
		{19EA02A1-0AC7-4A53-AABD-3D5FA299946A}.Debug|Win32.ActiveCfg = Debug|Win32
		{19EA02A1-0AC7-4A53-AABD-3D5FA299946A}.Debug|Win32.Build.0 = Debug|Win32
		{19EA02A1-0AC7-4A53-AABD-3D5FA299946A}.Release|Win32.ActiveCfg = Release|Win32
		{19EA02A1-0AC7-4A53-AABD-3D5FA299946A}.Release|Win32.Build.0 = Release|Win32
		{0BF257BA-C5C8-4CED-A3D2-D65ECB4E825B}.Debug|Win32.ActiveCfg = Debug|Win32
		{0BF257BA-C5C8-4CED-A3D2-D65ECB4E825B}.Debug|Win32.Build.0 = Debug|Win32
		{0BF257BA-C5C8-4CED-A3D2-D65ECB4E825B}.Release|Win32.ActiveCfg = Release|Win32
		{0BF257BA-C5C8-4CED-A3D2-D65ECB4E825B}.Release|Win32.Build.0 = Release|Win32
		{56CF17BF-2DB5-42E2-B761-92623941B820}.Debug|Win32.ActiveCfg = Debug|Win32
		{56CF17BF-2DB5-42E2-B761-92623941B820}.Debug|Win32.Build.0 = Debug|Win32
		{56CF17BF-2DB5-42E2-B761-92623941B820}.Release|Win32.ActiveCfg = Release|Win32
		{56CF17BF-2DB5-42E2-B761-92623941B820}.Release|Win32.Build.0 = Release|Win32
		{1C824CC2-9896-44B5-996D-8E7149F673B8}.Debug|Win32.ActiveCfg = Debug|Win32
		{1C824CC2-9896-44B5-996D-8E7149F673B8}.Debug|Win32.Build.0 = Debug|Win32
		{1C824CC2-9896-44B5-996D-8E7149F673B8}.Release|Win32.ActiveCfg = Release|Win32
		{1C824CC2-9896-44B5-996D-8E7149F673B8}.Release|Win32.Build.0 = Release|Win32
	EndGlobalSection
	GlobalSection(SolutionProperties) = preSolution
		HideSolutionNode = FALSE
	EndGlobalSection
EndGlobal
