
Microsoft Visual Studio Solution File, Format Version 11.00
# Visual C++ Express 2010
Project("{8BC9CEB8-8B4A-11D0-8D11-00A0C91BC942}") = "SumItUp 2.0", "SumItUp 2.0\SumItUp 2.0.vcxproj", "{8E316FF8-35A8-40ED-B272-265F8093342C}"
EndProject
Global
	GlobalSection(SolutionConfigurationPlatforms) = preSolution
		Debug|Win32 = Debug|Win32
		Release|Win32 = Release|Win32
	EndGlobalSection
	GlobalSection(ProjectConfigurationPlatforms) = postSolution
		{8E316FF8-35A8-40ED-B272-265F8093342C}.Debug|Win32.ActiveCfg = Debug|Win32
		{8E316FF8-35A8-40ED-B272-265F8093342C}.Debug|Win32.Build.0 = Debug|Win32
		{8E316FF8-35A8-40ED-B272-265F8093342C}.Release|Win32.ActiveCfg = Release|Win32
		{8E316FF8-35A8-40ED-B272-265F8093342C}.Release|Win32.Build.0 = Release|Win32
	EndGlobalSection
	GlobalSection(SolutionProperties) = preSolution
		HideSolutionNode = FALSE
	EndGlobalSection
EndGlobal
